// !$*UTF8*$!
{
	archiveVersion = 1;
	classes = {
	};
	objectVersion = 56;
	objects = {

/* Begin PBXBuildFile section */
		05B9329CAD2643E5A02D0D59 /* Localization.swift in Sources */ = {isa = PBXBuildFile; fileRef = 100940A01A2345728BBD4213 /* Localization.swift */; };
		0C90CE75B622BEAB1148CF7A /* ChartDataService.swift in Sources */ = {isa = PBXBuildFile; fileRef = C0BF1BA84CFC692DFF8BB622 /* ChartDataService.swift */; };
		12B5FF382C80BB5E93317BA4 /* DashboardComponents.swift in Sources */ = {isa = PBXBuildFile; fileRef = BE2E87D92DE5D70521EF2C7C /* DashboardComponents.swift */; };
		19B8A3380D51A98A2941D5FF /* iCloudSyncManager.swift in Sources */ = {isa = PBXBuildFile; fileRef = 0620709F6B00D1BA0F91F35D /* iCloudSyncManager.swift */; };
		218D6BD244C6BFE75CBED94F /* CitationHistoryEntity.swift in Sources */ = {isa = PBXBuildFile; fileRef = 349AD2EC69BF4EA147E9542D /* CitationHistoryEntity.swift */; };
		257FE290D82D47715773397D /* DataManager.swift in Sources */ = {isa = PBXBuildFile; fileRef = F20AB979609DC748496227E0 /* DataManager.swift */; };
		28A3CADE5CFD464C8A9DFC45 /* Sparkle.framework in Embed Frameworks */ = {isa = PBXBuildFile; fileRef = 53D6F19A30864BD48C42E99D /* Sparkle.framework */; settings = {ATTRIBUTES = (CodeSignOnCopy, RemoveHeadersOnCopy, ); }; };
		48626BB417CA1DC5FBB09352 /* ChartView.swift in Sources */ = {isa = PBXBuildFile; fileRef = 7911B549389C696AD0AD38CA /* ChartView.swift */; };
		4BDE546BC5A1C948F3CC490C /* ChartTheme.swift in Sources */ = {isa = PBXBuildFile; fileRef = 54073A10E35C3BE9A8FA92B9 /* ChartTheme.swift */; };
		549A782BF64E4A7F86BD1C5D /* Sparkle.framework in Frameworks */ = {isa = PBXBuildFile; fileRef = 53D6F19A30864BD48C42E99D /* Sparkle.framework */; };
		601C15F95B4FC0BB392D61BB /* UserNotifications.framework in Frameworks */ = {isa = PBXBuildFile; fileRef = 0645FFA42AA62D830396B83D /* UserNotifications.framework */; };
		6C58A5F1E9649A116A71BD3C /* CoreData.framework in Frameworks */ = {isa = PBXBuildFile; fileRef = 643869C723E33C66818148CD /* CoreData.framework */; };
		6CC19E4FCCD1B380016DE884 /* EnhancedChartTypes.swift in Sources */ = {isa = PBXBuildFile; fileRef = F5D14CD0F271179EDE599460 /* EnhancedChartTypes.swift */; };
		8A5308578F9410F59536465F /* ChartsWindowController.swift in Sources */ = {isa = PBXBuildFile; fileRef = 9EAE454AF13A0AC2030512B8 /* ChartsWindowController.swift */; };
		AA2F97A100F18AAE421C3000 /* CitationHistoryManager.swift in Sources */ = {isa = PBXBuildFile; fileRef = 7218C7442A020FA686FDB564 /* CitationHistoryManager.swift */; };
		AA5A144AF2205D8A2D7B817F /* ChartsViewController.swift in Sources */ = {isa = PBXBuildFile; fileRef = AD84EBC806E3367F23A120D5 /* ChartsViewController.swift */; };
		AC11BD407130C9A1D5FE0373 /* app_icon.icns in Resources */ = {isa = PBXBuildFile; fileRef = 0C8E41AC27A6DFFF142067A1 /* app_icon.icns */; };
		B74571FA2558FF7BE1418393 /* ModernCardView.swift in Sources */ = {isa = PBXBuildFile; fileRef = 5481763000DE36C43866100A /* ModernCardView.swift */; };
		BA4B80046EEDEC89E737CFDF /* SettingsWindow.swift in Sources */ = {isa = PBXBuildFile; fileRef = 4EC1FD7C83DADA9610E71046 /* SettingsWindow.swift */; };
		C48183C9F7E2AF9443D2937C /* NotificationManager.swift in Sources */ = {isa = PBXBuildFile; fileRef = D728019982681A9D153DDA68 /* NotificationManager.swift */; };
		C8EEACF0961485F9D86B0BB3 /* GoogleScholarService+History.swift in Sources */ = {isa = PBXBuildFile; fileRef = D9C0A63BCE083A9D8A36489F /* GoogleScholarService+History.swift */; };
		CAF4E9BA253C6CBF8A3BE4CB /* CoreDataManager.swift in Sources */ = {isa = PBXBuildFile; fileRef = 6B7B97D8DA160C19D653BC62 /* CoreDataManager.swift */; };
		D1B0A0D6E4BCC81390A8511F /* DataRepairViewController.swift in Sources */ = {isa = PBXBuildFile; fileRef = 1DEB81CB7485CA1AE278D1F8 /* DataRepairViewController.swift */; };
		E886B418385CB02D07759C14 /* CitationHistory.swift in Sources */ = {isa = PBXBuildFile; fileRef = 64A1948FEF426329EAA06D07 /* CitationHistory.swift */; };
		EE8E71B7F70B0FB3273E2A11 /* main.swift in Sources */ = {isa = PBXBuildFile; fileRef = F0E9CD073C6469F5298E7572 /* main.swift */; };
/* End PBXBuildFile section */

/* Begin PBXCopyFilesBuildPhase section */
		62DE196BA960438E9052558D /* Embed Frameworks */ = {
			isa = PBXCopyFilesBuildPhase;
			buildActionMask = 2147483647;
			dstPath = "";
			dstSubfolderSpec = 10;
			files = (
				28A3CADE5CFD464C8A9DFC45 /* Sparkle.framework in Embed Frameworks */,
			);
			name = "Embed Frameworks";
			runOnlyForDeploymentPostprocessing = 0;
		};
/* End PBXCopyFilesBuildPhase section */

/* Begin PBXFileReference section */
		0620709F6B00D1BA0F91F35D /* iCloudSyncManager.swift */ = {isa = PBXFileReference; includeInIndex = 1; lastKnownFileType = sourcecode.swift; path = iCloudSyncManager.swift; sourceTree = "<group>"; };
		0645FFA42AA62D830396B83D /* UserNotifications.framework */ = {isa = PBXFileReference; lastKnownFileType = wrapper.framework; name = UserNotifications.framework; path = System/Library/Frameworks/UserNotifications.framework; sourceTree = "<group>"; };
		0C8E41AC27A6DFFF142067A1 /* app_icon.icns */ = {isa = PBXFileReference; includeInIndex = 1; lastKnownFileType = image.icns; name = app_icon.icns; path = assets/app_icon.icns; sourceTree = "<group>"; };
		100940A01A2345728BBD4213 /* Localization.swift */ = {isa = PBXFileReference; lastKnownFileType = sourcecode.swift; path = Localization.swift; sourceTree = "<group>"; };
		1DEB81CB7485CA1AE278D1F8 /* DataRepairViewController.swift */ = {isa = PBXFileReference; includeInIndex = 1; lastKnownFileType = sourcecode.swift; path = DataRepairViewController.swift; sourceTree = "<group>"; };
		349AD2EC69BF4EA147E9542D /* CitationHistoryEntity.swift */ = {isa = PBXFileReference; includeInIndex = 1; lastKnownFileType = sourcecode.swift; path = CitationHistoryEntity.swift; sourceTree = "<group>"; };
		4EC1FD7C83DADA9610E71046 /* SettingsWindow.swift */ = {isa = PBXFileReference; includeInIndex = 1; lastKnownFileType = sourcecode.swift; path = SettingsWindow.swift; sourceTree = "<group>"; };
		53D6F19A30864BD48C42E99D /* Sparkle.framework */ = {isa = PBXFileReference; lastKnownFileType = wrapper.framework; name = Sparkle.framework; path = Frameworks/Sparkle.framework; sourceTree = "<group>"; };
		54073A10E35C3BE9A8FA92B9 /* ChartTheme.swift */ = {isa = PBXFileReference; includeInIndex = 1; lastKnownFileType = sourcecode.swift; path = ChartTheme.swift; sourceTree = "<group>"; };
		5481763000DE36C43866100A /* ModernCardView.swift */ = {isa = PBXFileReference; includeInIndex = 1; lastKnownFileType = sourcecode.swift; path = ModernCardView.swift; sourceTree = "<group>"; };
		643869C723E33C66818148CD /* CoreData.framework */ = {isa = PBXFileReference; lastKnownFileType = wrapper.framework; name = CoreData.framework; path = System/Library/Frameworks/CoreData.framework; sourceTree = "<group>"; };
		64A1948FEF426329EAA06D07 /* CitationHistory.swift */ = {isa = PBXFileReference; includeInIndex = 1; lastKnownFileType = sourcecode.swift; path = CitationHistory.swift; sourceTree = "<group>"; };
		6B7B97D8DA160C19D653BC62 /* CoreDataManager.swift */ = {isa = PBXFileReference; includeInIndex = 1; lastKnownFileType = sourcecode.swift; path = CoreDataManager.swift; sourceTree = "<group>"; };
		7218C7442A020FA686FDB564 /* CitationHistoryManager.swift */ = {isa = PBXFileReference; includeInIndex = 1; lastKnownFileType = sourcecode.swift; path = CitationHistoryManager.swift; sourceTree = "<group>"; };
		7911B549389C696AD0AD38CA /* ChartView.swift */ = {isa = PBXFileReference; includeInIndex = 1; lastKnownFileType = sourcecode.swift; path = ChartView.swift; sourceTree = "<group>"; };
		90DF9034D7FF46C58BF34F6D /* CiteTrack.app */ = {isa = PBXFileReference; explicitFileType = wrapper.application; includeInIndex = 0; path = CiteTrack.app; sourceTree = BUILT_PRODUCTS_DIR; };
		980B98E75FF042B6A4210AD0 /* CiteTrack.entitlements */ = {isa = PBXFileReference; lastKnownFileType = text.plist.entitlements; path = CiteTrack.entitlements; sourceTree = "<group>"; };
		9EAE454AF13A0AC2030512B8 /* ChartsWindowController.swift */ = {isa = PBXFileReference; includeInIndex = 1; lastKnownFileType = sourcecode.swift; path = ChartsWindowController.swift; sourceTree = "<group>"; };
		AD84EBC806E3367F23A120D5 /* ChartsViewController.swift */ = {isa = PBXFileReference; includeInIndex = 1; lastKnownFileType = sourcecode.swift; path = ChartsViewController.swift; sourceTree = "<group>"; };
		BE2E87D92DE5D70521EF2C7C /* DashboardComponents.swift */ = {isa = PBXFileReference; includeInIndex = 1; lastKnownFileType = sourcecode.swift; path = DashboardComponents.swift; sourceTree = "<group>"; };
		C0BF1BA84CFC692DFF8BB622 /* ChartDataService.swift */ = {isa = PBXFileReference; includeInIndex = 1; lastKnownFileType = sourcecode.swift; path = ChartDataService.swift; sourceTree = "<group>"; };
		D728019982681A9D153DDA68 /* NotificationManager.swift */ = {isa = PBXFileReference; includeInIndex = 1; lastKnownFileType = sourcecode.swift; path = NotificationManager.swift; sourceTree = "<group>"; };
		D9C0A63BCE083A9D8A36489F /* GoogleScholarService+History.swift */ = {isa = PBXFileReference; includeInIndex = 1; lastKnownFileType = sourcecode.swift; path = "GoogleScholarService+History.swift"; sourceTree = "<group>"; };
		F0E9CD073C6469F5298E7572 /* main.swift */ = {isa = PBXFileReference; includeInIndex = 1; lastKnownFileType = sourcecode.swift; path = main.swift; sourceTree = "<group>"; };
		F20AB979609DC748496227E0 /* DataManager.swift */ = {isa = PBXFileReference; includeInIndex = 1; lastKnownFileType = sourcecode.swift; path = DataManager.swift; sourceTree = "<group>"; };
		F5D14CD0F271179EDE599460 /* EnhancedChartTypes.swift */ = {isa = PBXFileReference; includeInIndex = 1; lastKnownFileType = sourcecode.swift; path = EnhancedChartTypes.swift; sourceTree = "<group>"; };
/* End PBXFileReference section */

/* Begin PBXFrameworksBuildPhase section */
		A175C7E927F949C496D4E55B /* Frameworks */ = {
			isa = PBXFrameworksBuildPhase;
			buildActionMask = 2147483647;
			files = (
				549A782BF64E4A7F86BD1C5D /* Sparkle.framework in Frameworks */,
				6C58A5F1E9649A116A71BD3C /* CoreData.framework in Frameworks */,
				601C15F95B4FC0BB392D61BB /* UserNotifications.framework in Frameworks */,
			);
			runOnlyForDeploymentPostprocessing = 0;
		};
/* End PBXFrameworksBuildPhase section */

/* Begin PBXGroup section */
		10868796DF6E478EBB8857C3 /* Sources */ = {
			isa = PBXGroup;
			children = (
				100940A01A2345728BBD4213 /* Localization.swift */,
				F0E9CD073C6469F5298E7572 /* main.swift */,
				4EC1FD7C83DADA9610E71046 /* SettingsWindow.swift */,
				6B7B97D8DA160C19D653BC62 /* CoreDataManager.swift */,
				349AD2EC69BF4EA147E9542D /* CitationHistoryEntity.swift */,
				64A1948FEF426329EAA06D07 /* CitationHistory.swift */,
				7218C7442A020FA686FDB564 /* CitationHistoryManager.swift */,
				D9C0A63BCE083A9D8A36489F /* GoogleScholarService+History.swift */,
				C0BF1BA84CFC692DFF8BB622 /* ChartDataService.swift */,
				7911B549389C696AD0AD38CA /* ChartView.swift */,
				54073A10E35C3BE9A8FA92B9 /* ChartTheme.swift */,
				AD84EBC806E3367F23A120D5 /* ChartsViewController.swift */,
				9EAE454AF13A0AC2030512B8 /* ChartsWindowController.swift */,
				1DEB81CB7485CA1AE278D1F8 /* DataRepairViewController.swift */,
				0620709F6B00D1BA0F91F35D /* iCloudSyncManager.swift */,
				D728019982681A9D153DDA68 /* NotificationManager.swift */,
				BE2E87D92DE5D70521EF2C7C /* DashboardComponents.swift */,
				F5D14CD0F271179EDE599460 /* EnhancedChartTypes.swift */,
				5481763000DE36C43866100A /* ModernCardView.swift */,
				F20AB979609DC748496227E0 /* DataManager.swift */,
			);
			path = Sources;
			sourceTree = "<group>";
		};
		736F2CCE7F424A41BD086744 /* Products */ = {
			isa = PBXGroup;
			children = (
				90DF9034D7FF46C58BF34F6D /* CiteTrack.app */,
			);
			name = Products;
			sourceTree = "<group>";
		};
		A327CF1C6E194DC6AFD79525 /* Frameworks */ = {
			isa = PBXGroup;
			children = (
				53D6F19A30864BD48C42E99D /* Sparkle.framework */,
				643869C723E33C66818148CD /* CoreData.framework */,
				0645FFA42AA62D830396B83D /* UserNotifications.framework */,
			);
			name = Frameworks;
			sourceTree = "<group>";
		};
		CA1EB062ACC0508DF79B4D58 /* Resources */ = {
			isa = PBXGroup;
			children = (
				0C8E41AC27A6DFFF142067A1 /* app_icon.icns */,
			);
			name = Resources;
			sourceTree = "<group>";
		};
		D8898D7C48B241BBADCA20DA = {
			isa = PBXGroup;
			children = (
				10868796DF6E478EBB8857C3 /* Sources */,
				A327CF1C6E194DC6AFD79525 /* Frameworks */,
				736F2CCE7F424A41BD086744 /* Products */,
				980B98E75FF042B6A4210AD0 /* CiteTrack.entitlements */,
				CA1EB062ACC0508DF79B4D58 /* Resources */,
			);
			sourceTree = "<group>";
		};
/* End PBXGroup section */

/* Begin PBXNativeTarget section */
		1290956C0876418485365FB9 /* CiteTrack */ = {
			isa = PBXNativeTarget;
			buildConfigurationList = E0BA0E9CD21444B0985135CD /* Build configuration list for PBXNativeTarget "CiteTrack" */;
			buildPhases = (
				B0AD46090196463BBC57C24E /* Sources */,
				A175C7E927F949C496D4E55B /* Frameworks */,
				E00C32D8152340BA92BFA5EA /* Resources */,
				62DE196BA960438E9052558D /* Embed Frameworks */,
			);
			buildRules = (
			);
			dependencies = (
			);
			name = CiteTrack;
			productName = CiteTrack;
			productReference = 90DF9034D7FF46C58BF34F6D /* CiteTrack.app */;
			productType = "com.apple.product-type.application";
		};
/* End PBXNativeTarget section */

/* Begin PBXProject section */
		274072E91867465CB1167D76 /* Project object */ = {
			isa = PBXProject;
			attributes = {
				BuildIndependentTargetsInParallel = 1;
				LastSwiftUpdateCheck = 1500;
				LastUpgradeCheck = 2600;
			};
			buildConfigurationList = 0AB57527FB3E42D2988AB00F /* Build configuration list for PBXProject "CiteTrack_macOS" */;
			compatibilityVersion = "Xcode 14.0";
			developmentRegion = en;
			hasScannedForEncodings = 0;
			knownRegions = (
				en,
				Base,
			);
			mainGroup = D8898D7C48B241BBADCA20DA;
			productRefGroup = 736F2CCE7F424A41BD086744 /* Products */;
			projectDirPath = "";
			projectRoot = "";
			targets = (
				1290956C0876418485365FB9 /* CiteTrack */,
			);
		};
/* End PBXProject section */

/* Begin PBXResourcesBuildPhase section */
		E00C32D8152340BA92BFA5EA /* Resources */ = {
			isa = PBXResourcesBuildPhase;
			buildActionMask = 2147483647;
			files = (
				AC11BD407130C9A1D5FE0373 /* app_icon.icns in Resources */,
			);
			runOnlyForDeploymentPostprocessing = 0;
		};
/* End PBXResourcesBuildPhase section */

/* Begin PBXSourcesBuildPhase section */
		B0AD46090196463BBC57C24E /* Sources */ = {
			isa = PBXSourcesBuildPhase;
			buildActionMask = 2147483647;
			files = (
				05B9329CAD2643E5A02D0D59 /* Localization.swift in Sources */,
				EE8E71B7F70B0FB3273E2A11 /* main.swift in Sources */,
				BA4B80046EEDEC89E737CFDF /* SettingsWindow.swift in Sources */,
				CAF4E9BA253C6CBF8A3BE4CB /* CoreDataManager.swift in Sources */,
				218D6BD244C6BFE75CBED94F /* CitationHistoryEntity.swift in Sources */,
				E886B418385CB02D07759C14 /* CitationHistory.swift in Sources */,
				AA2F97A100F18AAE421C3000 /* CitationHistoryManager.swift in Sources */,
				C8EEACF0961485F9D86B0BB3 /* GoogleScholarService+History.swift in Sources */,
				0C90CE75B622BEAB1148CF7A /* ChartDataService.swift in Sources */,
				48626BB417CA1DC5FBB09352 /* ChartView.swift in Sources */,
				4BDE546BC5A1C948F3CC490C /* ChartTheme.swift in Sources */,
				AA5A144AF2205D8A2D7B817F /* ChartsViewController.swift in Sources */,
				8A5308578F9410F59536465F /* ChartsWindowController.swift in Sources */,
				D1B0A0D6E4BCC81390A8511F /* DataRepairViewController.swift in Sources */,
				19B8A3380D51A98A2941D5FF /* iCloudSyncManager.swift in Sources */,
				C48183C9F7E2AF9443D2937C /* NotificationManager.swift in Sources */,
				12B5FF382C80BB5E93317BA4 /* DashboardComponents.swift in Sources */,
				6CC19E4FCCD1B380016DE884 /* EnhancedChartTypes.swift in Sources */,
				B74571FA2558FF7BE1418393 /* ModernCardView.swift in Sources */,
				257FE290D82D47715773397D /* DataManager.swift in Sources */,
			);
			runOnlyForDeploymentPostprocessing = 0;
		};
/* End PBXSourcesBuildPhase section */

/* Begin XCBuildConfiguration section */
		30A6552974134013B6F9ABE3 /* Debug */ = {
			isa = XCBuildConfiguration;
			buildSettings = {
				ASSETCATALOG_COMPILER_INCLUDE_ALL_APPICON_ASSETS = YES;
				AUTOMATION_APPLE_EVENTS = NO;
				CODE_SIGN_ENTITLEMENTS = CiteTrack.entitlements;
				CODE_SIGN_STYLE = Automatic;
				COMBINE_HIDPI_IMAGES = YES;
				CURRENT_PROJECT_VERSION = 1;
				DEAD_CODE_STRIPPING = YES;
				ENABLE_HARDENED_RUNTIME = YES;
				ENABLE_RESOURCE_ACCESS_AUDIO_INPUT = NO;
				ENABLE_RESOURCE_ACCESS_CALENDARS = NO;
				ENABLE_RESOURCE_ACCESS_CAMERA = NO;
				ENABLE_RESOURCE_ACCESS_CONTACTS = NO;
				ENABLE_RESOURCE_ACCESS_LOCATION = NO;
				ENABLE_RESOURCE_ACCESS_PHOTO_LIBRARY = NO;
				FRAMEWORK_SEARCH_PATHS = (
					"$(inherited)",
					"$(PROJECT_DIR)/Frameworks",
				);
				GENERATE_INFOPLIST_FILE = NO;
				INFOPLIST_FILE = Info.plist;
				INFOPLIST_KEY_CFBundleDisplayName = CiteTrack;
				INFOPLIST_KEY_CFBundleIconFile = app_icon;
				INFOPLIST_KEY_CFBundleIconName = app_icon;
				INFOPLIST_KEY_LSApplicationCategoryType = "public.app-category.productivity";
				INFOPLIST_KEY_LSUIElement = NO;
				INFOPLIST_KEY_NSHumanReadableCopyright = "© 2024 CiteTrack. All rights reserved.";
				INFOPLIST_KEY_NSPrincipalClass = NSApplication;
				LD_RUNPATH_SEARCH_PATHS = (
					"$(inherited)",
					"@executable_path/../Frameworks",
				);
				MACOSX_DEPLOYMENT_TARGET = 11.0;
				MARKETING_VERSION = 1.0.0;
				OTHER_SWIFT_FLAGS = "";
				PRODUCT_BUNDLE_IDENTIFIER = com.citetrack.CiteTrack;
				PRODUCT_NAME = "$(TARGET_NAME)";
				RUNTIME_EXCEPTION_ALLOW_DYLD_ENVIRONMENT_VARIABLES = NO;
				RUNTIME_EXCEPTION_ALLOW_JIT = NO;
				RUNTIME_EXCEPTION_ALLOW_UNSIGNED_EXECUTABLE_MEMORY = NO;
				RUNTIME_EXCEPTION_DEBUGGING_TOOL = NO;
				RUNTIME_EXCEPTION_DISABLE_EXECUTABLE_PAGE_PROTECTION = NO;
				RUNTIME_EXCEPTION_DISABLE_LIBRARY_VALIDATION = NO;
				SWIFT_EMIT_LOC_STRINGS = YES;
				SWIFT_VERSION = 5.0;
			};
			name = Debug;
		};
		31336BAD26F84B3C8C14F49D /* Debug */ = {
			isa = XCBuildConfiguration;
			buildSettings = {
				ALWAYS_SEARCH_USER_PATHS = NO;
				ASSETCATALOG_COMPILER_GENERATE_SWIFT_ASSET_SYMBOL_EXTENSIONS = YES;
				CLANG_ANALYZER_NONNULL = YES;
				CLANG_ANALYZER_NUMBER_OBJECT_CONVERSION = YES_AGGRESSIVE;
				CLANG_CXX_LANGUAGE_STANDARD = "gnu++20";
				CLANG_ENABLE_MODULES = YES;
				CLANG_ENABLE_OBJC_ARC = YES;
				CLANG_ENABLE_OBJC_WEAK = YES;
				CLANG_WARN_BLOCK_CAPTURE_AUTORELEASING = YES;
				CLANG_WARN_BOOL_CONVERSION = YES;
				CLANG_WARN_COMMA = YES;
				CLANG_WARN_CONSTANT_CONVERSION = YES;
				CLANG_WARN_DEPRECATED_OBJC_IMPLEMENTATIONS = YES;
				CLANG_WARN_DIRECT_OBJC_ISA_USAGE = YES_ERROR;
				CLANG_WARN_DOCUMENTATION_COMMENTS = YES;
				CLANG_WARN_EMPTY_BODY = YES;
				CLANG_WARN_ENUM_CONVERSION = YES;
				CLANG_WARN_INFINITE_RECURSION = YES;
				CLANG_WARN_INT_CONVERSION = YES;
				CLANG_WARN_NON_LITERAL_NULL_CONVERSION = YES;
				CLANG_WARN_OBJC_IMPLICIT_RETAIN_SELF = YES;
				CLANG_WARN_OBJC_LITERAL_CONVERSION = YES;
				CLANG_WARN_OBJC_ROOT_CLASS = YES_ERROR;
				CLANG_WARN_QUOTED_INCLUDE_IN_FRAMEWORK_HEADER = YES;
				CLANG_WARN_RANGE_LOOP_ANALYSIS = YES;
				CLANG_WARN_STRICT_PROTOTYPES = YES;
				CLANG_WARN_SUSPICIOUS_MOVE = YES;
				CLANG_WARN_UNGUARDED_AVAILABILITY = YES_AGGRESSIVE;
				CLANG_WARN_UNREACHABLE_CODE = YES;
				CLANG_WARN__DUPLICATE_METHOD_MATCH = YES;
				COPY_PHASE_STRIP = NO;
				DEAD_CODE_STRIPPING = YES;
				DEBUG_INFORMATION_FORMAT = "dwarf-with-dsym";
				DEVELOPMENT_TEAM = HNU7NA3S7L;
				ENABLE_STRICT_OBJC_MSGSEND = YES;
				ENABLE_TESTABILITY = YES;
				ENABLE_USER_SCRIPT_SANDBOXING = YES;
				GCC_C_LANGUAGE_STANDARD = gnu11;
				GCC_DYNAMIC_NO_PIC = NO;
				GCC_NO_COMMON_BLOCKS = YES;
				GCC_OPTIMIZATION_LEVEL = 0;
				GCC_PREPROCESSOR_DEFINITIONS = (
					"DEBUG=1",
					"$(inherited)",
				);
				GCC_WARN_64_TO_32_BIT_CONVERSION = YES;
				GCC_WARN_ABOUT_RETURN_TYPE = YES_ERROR;
				GCC_WARN_UNDECLARED_SELECTOR = YES;
				GCC_WARN_UNINITIALIZED_AUTOS = YES_AGGRESSIVE;
				GCC_WARN_UNUSED_FUNCTION = YES;
				GCC_WARN_UNUSED_VARIABLE = YES;
				MACOSX_DEPLOYMENT_TARGET = 10.15;
				MTL_ENABLE_DEBUG_INFO = INCLUDE_SOURCE;
				MTL_FAST_MATH = YES;
				ONLY_ACTIVE_ARCH = YES;
				SDKROOT = macosx;
				STRING_CATALOG_GENERATE_SYMBOLS = YES;
				SWIFT_ACTIVE_COMPILATION_CONDITIONS = DEBUG;
				SWIFT_OPTIMIZATION_LEVEL = "-Onone";
			};
			name = Debug;
		};
		5F5D0D8B5FAE4391AB7EFFBF /* Release */ = {
			isa = XCBuildConfiguration;
			buildSettings = {
				ASSETCATALOG_COMPILER_INCLUDE_ALL_APPICON_ASSETS = YES;
				AUTOMATION_APPLE_EVENTS = NO;
				CODE_SIGN_ENTITLEMENTS = CiteTrack.entitlements;
				CODE_SIGN_STYLE = Automatic;
				COMBINE_HIDPI_IMAGES = YES;
				CURRENT_PROJECT_VERSION = 1;
				DEAD_CODE_STRIPPING = YES;
				ENABLE_HARDENED_RUNTIME = YES;
				ENABLE_RESOURCE_ACCESS_AUDIO_INPUT = NO;
				ENABLE_RESOURCE_ACCESS_CALENDARS = NO;
				ENABLE_RESOURCE_ACCESS_CAMERA = NO;
				ENABLE_RESOURCE_ACCESS_CONTACTS = NO;
				ENABLE_RESOURCE_ACCESS_LOCATION = NO;
				ENABLE_RESOURCE_ACCESS_PHOTO_LIBRARY = NO;
				FRAMEWORK_SEARCH_PATHS = (
					"$(inherited)",
					"$(PROJECT_DIR)/Frameworks",
				);
				GENERATE_INFOPLIST_FILE = NO;
				INFOPLIST_FILE = Info.plist;
				INFOPLIST_KEY_CFBundleDisplayName = CiteTrack;
				INFOPLIST_KEY_CFBundleIconFile = app_icon;
				INFOPLIST_KEY_CFBundleIconName = app_icon;
				INFOPLIST_KEY_LSApplicationCategoryType = "public.app-category.productivity";
				INFOPLIST_KEY_LSUIElement = NO;
				INFOPLIST_KEY_NSHumanReadableCopyright = "© 2024 CiteTrack. All rights reserved.";
				INFOPLIST_KEY_NSPrincipalClass = NSApplication;
				LD_RUNPATH_SEARCH_PATHS = (
					"$(inherited)",
					"@executable_path/../Frameworks",
				);
				MACOSX_DEPLOYMENT_TARGET = 11.0;
				MARKETING_VERSION = 1.0.0;
				OTHER_SWIFT_FLAGS = "";
				PRODUCT_BUNDLE_IDENTIFIER = com.citetrack.CiteTrack;
				PRODUCT_NAME = "$(TARGET_NAME)";
				RUNTIME_EXCEPTION_ALLOW_DYLD_ENVIRONMENT_VARIABLES = NO;
				RUNTIME_EXCEPTION_ALLOW_JIT = NO;
				RUNTIME_EXCEPTION_ALLOW_UNSIGNED_EXECUTABLE_MEMORY = NO;
				RUNTIME_EXCEPTION_DEBUGGING_TOOL = NO;
				RUNTIME_EXCEPTION_DISABLE_EXECUTABLE_PAGE_PROTECTION = NO;
				RUNTIME_EXCEPTION_DISABLE_LIBRARY_VALIDATION = NO;
				SWIFT_EMIT_LOC_STRINGS = YES;
				SWIFT_VERSION = 5.0;
			};
			name = Release;
		};
		F6FF9C5FA8ED43EA90B6D6DB /* Release */ = {
			isa = XCBuildConfiguration;
			buildSettings = {
				ALWAYS_SEARCH_USER_PATHS = NO;
				ASSETCATALOG_COMPILER_GENERATE_SWIFT_ASSET_SYMBOL_EXTENSIONS = YES;
				CLANG_ANALYZER_NONNULL = YES;
				CLANG_ANALYZER_NUMBER_OBJECT_CONVERSION = YES_AGGRESSIVE;
				CLANG_CXX_LANGUAGE_STANDARD = "gnu++20";
				CLANG_ENABLE_MODULES = YES;
				CLANG_ENABLE_OBJC_ARC = YES;
				CLANG_ENABLE_OBJC_WEAK = YES;
				CLANG_WARN_BLOCK_CAPTURE_AUTORELEASING = YES;
				CLANG_WARN_BOOL_CONVERSION = YES;
				CLANG_WARN_COMMA = YES;
				CLANG_WARN_CONSTANT_CONVERSION = YES;
				CLANG_WARN_DEPRECATED_OBJC_IMPLEMENTATIONS = YES;
				CLANG_WARN_DIRECT_OBJC_ISA_USAGE = YES_ERROR;
				CLANG_WARN_DOCUMENTATION_COMMENTS = YES;
				CLANG_WARN_EMPTY_BODY = YES;
				CLANG_WARN_ENUM_CONVERSION = YES;
				CLANG_WARN_INFINITE_RECURSION = YES;
				CLANG_WARN_INT_CONVERSION = YES;
				CLANG_WARN_NON_LITERAL_NULL_CONVERSION = YES;
				CLANG_WARN_OBJC_IMPLICIT_RETAIN_SELF = YES;
				CLANG_WARN_OBJC_LITERAL_CONVERSION = YES;
				CLANG_WARN_OBJC_ROOT_CLASS = YES_ERROR;
				CLANG_WARN_QUOTED_INCLUDE_IN_FRAMEWORK_HEADER = YES;
				CLANG_WARN_RANGE_LOOP_ANALYSIS = YES;
				CLANG_WARN_STRICT_PROTOTYPES = YES;
				CLANG_WARN_SUSPICIOUS_MOVE = YES;
				CLANG_WARN_UNGUARDED_AVAILABILITY = YES_AGGRESSIVE;
				CLANG_WARN_UNREACHABLE_CODE = YES;
				CLANG_WARN__DUPLICATE_METHOD_MATCH = YES;
				COPY_PHASE_STRIP = NO;
				DEAD_CODE_STRIPPING = YES;
				DEBUG_INFORMATION_FORMAT = "dwarf-with-dsym";
				DEVELOPMENT_TEAM = HNU7NA3S7L;
				ENABLE_NS_ASSERTIONS = NO;
				ENABLE_STRICT_OBJC_MSGSEND = YES;
				ENABLE_USER_SCRIPT_SANDBOXING = YES;
				GCC_C_LANGUAGE_STANDARD = gnu11;
				GCC_NO_COMMON_BLOCKS = YES;
				GCC_WARN_64_TO_32_BIT_CONVERSION = YES;
				GCC_WARN_ABOUT_RETURN_TYPE = YES_ERROR;
				GCC_WARN_UNDECLARED_SELECTOR = YES;
				GCC_WARN_UNINITIALIZED_AUTOS = YES_AGGRESSIVE;
				GCC_WARN_UNUSED_FUNCTION = YES;
				GCC_WARN_UNUSED_VARIABLE = YES;
				MACOSX_DEPLOYMENT_TARGET = 10.15;
				MTL_ENABLE_DEBUG_INFO = NO;
				MTL_FAST_MATH = YES;
				SDKROOT = macosx;
				STRING_CATALOG_GENERATE_SYMBOLS = YES;
				SWIFT_COMPILATION_MODE = wholemodule;
				SWIFT_OPTIMIZATION_LEVEL = "-O";
			};
			name = Release;
		};
/* End XCBuildConfiguration section */

/* Begin XCConfigurationList section */
		0AB57527FB3E42D2988AB00F /* Build configuration list for PBXProject "CiteTrack_macOS" */ = {
			isa = XCConfigurationList;
			buildConfigurations = (
				31336BAD26F84B3C8C14F49D /* Debug */,
				F6FF9C5FA8ED43EA90B6D6DB /* Release */,
			);
			defaultConfigurationIsVisible = 0;
			defaultConfigurationName = Release;
		};
		E0BA0E9CD21444B0985135CD /* Build configuration list for PBXNativeTarget "CiteTrack" */ = {
			isa = XCConfigurationList;
			buildConfigurations = (
				30A6552974134013B6F9ABE3 /* Debug */,
				5F5D0D8B5FAE4391AB7EFFBF /* Release */,
			);
			defaultConfigurationIsVisible = 0;
			defaultConfigurationName = Release;
		};
/* End XCConfigurationList section */
	};
	rootObject = 274072E91867465CB1167D76 /* Project object */;
}
